
Microsoft Visual Studio Solution File, Format Version 12.00
# Visual Studio Version 17
VisualStudioVersion = 17.10.35013.160
MinimumVisualStudioVersion = 10.0.40219.1
Project("{FAE04EC0-301F-11D3-BF4B-00C04F79EFBC}") = "Finglish", "Finglish.csproj", "{6EBBA724-FD80-4E08-93EC-ECC31BA86A65}"
EndProject
Global
	GlobalSection(SolutionConfigurationPlatforms) = preSolution
		Debug|Any CPU = Debug|Any CPU
		Release|Any CPU = Release|Any CPU
	EndGlobalSection
	GlobalSection(ProjectConfigurationPlatforms) = postSolution
		{6EBBA724-FD80-4E08-93EC-ECC31BA86A65}.Debug|Any CPU.ActiveCfg = Debug|Any CPU
		{6EBBA724-FD80-4E08-93EC-ECC31BA86A65}.Debug|Any CPU.Build.0 = Debug|Any CPU
		{6EBBA724-FD80-4E08-93EC-ECC31BA86A65}.Release|Any CPU.ActiveCfg = Release|Any CPU
		{6EBBA724-FD80-4E08-93EC-ECC31BA86A65}.Release|Any CPU.Build.0 = Release|Any CPU
	EndGlobalSection
	GlobalSection(SolutionProperties) = preSolution
		HideSolutionNode = FALSE
	EndGlobalSection
	GlobalSection(ExtensibilityGlobals) = postSolution
		SolutionGuid = {8D53589F-E39F-43F9-BBC9-AEC4C2DB169F}
	EndGlobalSection
EndGlobal
